# THIS IS AN AUTOGENERATED FILE. DO NOT EDIT THIS FILE DIRECTLY.
# yarn lockfile v1


frappe-charts@^1.6.2:
  version "1.6.2"
  resolved "https://registry.yarnpkg.com/frappe-charts/-/frappe-charts-1.6.2.tgz#4671a943a8606e5020180fa65c8ea1835c510baf"
  integrity sha512-9TC3/+YVUi84yYoEbxFiSqu+1FQ5If/ydUNj6i8FRpwynd08t6a7RkS+IRJozAk6NfdL8/LVTTE1DUOjjKZZxg==
